
Microsoft Visual Studio Solution File, Format Version 12.00
# Visual Studio Version 16
VisualStudioVersion = 16.0.31402.337
MinimumVisualStudioVersion = 10.0.40219.1
Project("{9A19103F-16F7-4668-BE54-9A1E7A4F7556}") = "OrganicSoft.Test", "OrganicSoft.Test\OrganicSoft.Test.csproj", "{AE984374-5AE8-4CB8-B4D3-EFCDC180AADA}"
EndProject
Project("{9A19103F-16F7-4668-BE54-9A1E7A4F7556}") = "OrganicSoft.Dominio", "OrganicSoft.Dominio\OrganicSoft.Dominio.csproj", "{6EF61C68-B4DD-47CC-A287-5B435C72303B}"
EndProject
Project("{9A19103F-16F7-4668-BE54-9A1E7A4F7556}") = "OrganicSoft.Aplicacion", "OrganicSoft.Aplicacion\OrganicSoft.Aplicacion.csproj", "{3FAF6C30-B16E-4DB4-9289-72DDF622FDAB}"
EndProject
Project("{9A19103F-16F7-4668-BE54-9A1E7A4F7556}") = "OrganicSoft.Infraestructura", "OrganicSoft.Infraestructura\OrganicSoft.Infraestructura.csproj", "{97EC204C-D47C-421D-9872-CA87445B02E2}"
EndProject
Project("{9A19103F-16F7-4668-BE54-9A1E7A4F7556}") = "OrganicSoft.WepApi.Angular", "OrganicSoft.WepApi.Angular\OrganicSoft.WepApi.Angular.csproj", "{F396E97D-C718-46F0-8BFD-B8EDB3264637}"
EndProject
Project("{9A19103F-16F7-4668-BE54-9A1E7A4F7556}") = "OrganicSoft.WebApi.Angular.Test", "OrganicSoft.WebApi.Angular.Test\OrganicSoft.WebApi.Angular.Test.csproj", "{97B8C969-E02D-4B1F-9C7B-45C59828C349}"
EndProject
Project("{9A19103F-16F7-4668-BE54-9A1E7A4F7556}") = "OrganicSoft.Selenium.Test", "OrganicSoft.Selenium.Test\OrganicSoft.Selenium.Test.csproj", "{4A554C0F-DBFD-4200-84CD-9B83A907A93F}"
EndProject
Global
	GlobalSection(SolutionConfigurationPlatforms) = preSolution
		Debug|Any CPU = Debug|Any CPU
		Release|Any CPU = Release|Any CPU
	EndGlobalSection
	GlobalSection(ProjectConfigurationPlatforms) = postSolution
		{AE984374-5AE8-4CB8-B4D3-EFCDC180AADA}.Debug|Any CPU.ActiveCfg = Debug|Any CPU
		{AE984374-5AE8-4CB8-B4D3-EFCDC180AADA}.Debug|Any CPU.Build.0 = Debug|Any CPU
		{AE984374-5AE8-4CB8-B4D3-EFCDC180AADA}.Release|Any CPU.ActiveCfg = Release|Any CPU
		{AE984374-5AE8-4CB8-B4D3-EFCDC180AADA}.Release|Any CPU.Build.0 = Release|Any CPU
		{6EF61C68-B4DD-47CC-A287-5B435C72303B}.Debug|Any CPU.ActiveCfg = Debug|Any CPU
		{6EF61C68-B4DD-47CC-A287-5B435C72303B}.Debug|Any CPU.Build.0 = Debug|Any CPU
		{6EF61C68-B4DD-47CC-A287-5B435C72303B}.Release|Any CPU.ActiveCfg = Release|Any CPU
		{6EF61C68-B4DD-47CC-A287-5B435C72303B}.Release|Any CPU.Build.0 = Release|Any CPU
		{3FAF6C30-B16E-4DB4-9289-72DDF622FDAB}.Debug|Any CPU.ActiveCfg = Debug|Any CPU
		{3FAF6C30-B16E-4DB4-9289-72DDF622FDAB}.Debug|Any CPU.Build.0 = Debug|Any CPU
		{3FAF6C30-B16E-4DB4-9289-72DDF622FDAB}.Release|Any CPU.ActiveCfg = Release|Any CPU
		{3FAF6C30-B16E-4DB4-9289-72DDF622FDAB}.Release|Any CPU.Build.0 = Release|Any CPU
		{97EC204C-D47C-421D-9872-CA87445B02E2}.Debug|Any CPU.ActiveCfg = Debug|Any CPU
		{97EC204C-D47C-421D-9872-CA87445B02E2}.Debug|Any CPU.Build.0 = Debug|Any CPU
		{97EC204C-D47C-421D-9872-CA87445B02E2}.Release|Any CPU.ActiveCfg = Release|Any CPU
		{97EC204C-D47C-421D-9872-CA87445B02E2}.Release|Any CPU.Build.0 = Release|Any CPU
		{F396E97D-C718-46F0-8BFD-B8EDB3264637}.Debug|Any CPU.ActiveCfg = Debug|Any CPU
		{F396E97D-C718-46F0-8BFD-B8EDB3264637}.Debug|Any CPU.Build.0 = Debug|Any CPU
		{F396E97D-C718-46F0-8BFD-B8EDB3264637}.Release|Any CPU.ActiveCfg = Release|Any CPU
		{F396E97D-C718-46F0-8BFD-B8EDB3264637}.Release|Any CPU.Build.0 = Release|Any CPU
		{97B8C969-E02D-4B1F-9C7B-45C59828C349}.Debug|Any CPU.ActiveCfg = Debug|Any CPU
		{97B8C969-E02D-4B1F-9C7B-45C59828C349}.Debug|Any CPU.Build.0 = Debug|Any CPU
		{97B8C969-E02D-4B1F-9C7B-45C59828C349}.Release|Any CPU.ActiveCfg = Release|Any CPU
		{97B8C969-E02D-4B1F-9C7B-45C59828C349}.Release|Any CPU.Build.0 = Release|Any CPU
		{4A554C0F-DBFD-4200-84CD-9B83A907A93F}.Debug|Any CPU.ActiveCfg = Debug|Any CPU
		{4A554C0F-DBFD-4200-84CD-9B83A907A93F}.Debug|Any CPU.Build.0 = Debug|Any CPU
		{4A554C0F-DBFD-4200-84CD-9B83A907A93F}.Release|Any CPU.ActiveCfg = Release|Any CPU
		{4A554C0F-DBFD-4200-84CD-9B83A907A93F}.Release|Any CPU.Build.0 = Release|Any CPU
	EndGlobalSection
	GlobalSection(SolutionProperties) = preSolution
		HideSolutionNode = FALSE
	EndGlobalSection
	GlobalSection(ExtensibilityGlobals) = postSolution
		SolutionGuid = {07A11925-84BA-44CB-8BB5-54608D4FA3D6}
	EndGlobalSection
EndGlobal
